
Microsoft Visual Studio Solution File, Format Version 12.00
# Visual Studio Version 17
VisualStudioVersion = 17.8.34330.188
MinimumVisualStudioVersion = 10.0.40219.1
Project("{FAE04EC0-301F-11D3-BF4B-00C04F79EFBC}") = "Domains", "Domains\Domains.csproj", "{552F4A45-19C7-4770-92D1-373686B76B98}"
EndProject
Project("{FAE04EC0-301F-11D3-BF4B-00C04F79EFBC}") = "Appliction", "Appliction\Appliction.csproj", "{686A59C3-2991-4EDF-B214-6F10976805D2}"
EndProject
Project("{FAE04EC0-301F-11D3-BF4B-00C04F79EFBC}") = "Infastructure", "Infastructure\Infastructure.csproj", "{3B08E274-A705-4EE4-8C69-91EB97399884}"
EndProject
Project("{FAE04EC0-301F-11D3-BF4B-00C04F79EFBC}") = "Api", "Api\Api.csproj", "{DE785205-2472-4EA4-85F5-1258AABBF876}"
EndProject
Global
	GlobalSection(SolutionConfigurationPlatforms) = preSolution
		Debug|Any CPU = Debug|Any CPU
		Release|Any CPU = Release|Any CPU
	EndGlobalSection
	GlobalSection(ProjectConfigurationPlatforms) = postSolution
		{552F4A45-19C7-4770-92D1-373686B76B98}.Debug|Any CPU.ActiveCfg = Debug|Any CPU
		{552F4A45-19C7-4770-92D1-373686B76B98}.Debug|Any CPU.Build.0 = Debug|Any CPU
		{552F4A45-19C7-4770-92D1-373686B76B98}.Release|Any CPU.ActiveCfg = Release|Any CPU
		{552F4A45-19C7-4770-92D1-373686B76B98}.Release|Any CPU.Build.0 = Release|Any CPU
		{686A59C3-2991-4EDF-B214-6F10976805D2}.Debug|Any CPU.ActiveCfg = Debug|Any CPU
		{686A59C3-2991-4EDF-B214-6F10976805D2}.Debug|Any CPU.Build.0 = Debug|Any CPU
		{686A59C3-2991-4EDF-B214-6F10976805D2}.Release|Any CPU.ActiveCfg = Release|Any CPU
		{686A59C3-2991-4EDF-B214-6F10976805D2}.Release|Any CPU.Build.0 = Release|Any CPU
		{3B08E274-A705-4EE4-8C69-91EB97399884}.Debug|Any CPU.ActiveCfg = Debug|Any CPU
		{3B08E274-A705-4EE4-8C69-91EB97399884}.Debug|Any CPU.Build.0 = Debug|Any CPU
		{3B08E274-A705-4EE4-8C69-91EB97399884}.Release|Any CPU.ActiveCfg = Release|Any CPU
		{3B08E274-A705-4EE4-8C69-91EB97399884}.Release|Any CPU.Build.0 = Release|Any CPU
		{DE785205-2472-4EA4-85F5-1258AABBF876}.Debug|Any CPU.ActiveCfg = Debug|Any CPU
		{DE785205-2472-4EA4-85F5-1258AABBF876}.Debug|Any CPU.Build.0 = Debug|Any CPU
		{DE785205-2472-4EA4-85F5-1258AABBF876}.Release|Any CPU.ActiveCfg = Release|Any CPU
		{DE785205-2472-4EA4-85F5-1258AABBF876}.Release|Any CPU.Build.0 = Release|Any CPU
	EndGlobalSection
	GlobalSection(SolutionProperties) = preSolution
		HideSolutionNode = FALSE
	EndGlobalSection
	GlobalSection(ExtensibilityGlobals) = postSolution
		SolutionGuid = {468A58B0-3323-440C-A15A-9D1762D0BFDD}
	EndGlobalSection
EndGlobal
